// !$*UTF8*$!
{
	archiveVersion = 1;
	classes = {
	};
	objectVersion = 50;
	objects = {

/* Begin PBXBuildFile section */
		D1AA8FEF2622D91500C5F80A /* Formation_XcodeApp.swift in Sources */ = {isa = PBXBuildFile; fileRef = D1AA8FEE2622D91500C5F80A /* Formation_XcodeApp.swift */; };
		D1AA8FF12622D91500C5F80A /* ContentView.swift in Sources */ = {isa = PBXBuildFile; fileRef = D1AA8FF02622D91500C5F80A /* ContentView.swift */; };
		D1AA8FF32622D91700C5F80A /* Assets.xcassets in Resources */ = {isa = PBXBuildFile; fileRef = D1AA8FF22622D91700C5F80A /* Assets.xcassets */; };
		D1AA8FF62622D91700C5F80A /* Preview Assets.xcassets in Resources */ = {isa = PBXBuildFile; fileRef = D1AA8FF52622D91700C5F80A /* Preview Assets.xcassets */; };
		D1AA90012622D91700C5F80A /* Formation_XcodeTests.swift in Sources */ = {isa = PBXBuildFile; fileRef = D1AA90002622D91700C5F80A /* Formation_XcodeTests.swift */; };
		D1AA900C2622D91700C5F80A /* Formation_XcodeUITests.swift in Sources */ = {isa = PBXBuildFile; fileRef = D1AA900B2622D91700C5F80A /* Formation_XcodeUITests.swift */; };
/* End PBXBuildFile section */

/* Begin PBXContainerItemProxy section */
		D1AA8FFD2622D91700C5F80A /* PBXContainerItemProxy */ = {
			isa = PBXContainerItemProxy;
			containerPortal = D1AA8FE32622D91500C5F80A /* Project object */;
			proxyType = 1;
			remoteGlobalIDString = D1AA8FEA2622D91500C5F80A;
			remoteInfo = "Formation Xcode";
		};
		D1AA90082622D91700C5F80A /* PBXContainerItemProxy */ = {
			isa = PBXContainerItemProxy;
			containerPortal = D1AA8FE32622D91500C5F80A /* Project object */;
			proxyType = 1;
			remoteGlobalIDString = D1AA8FEA2622D91500C5F80A;
			remoteInfo = "Formation Xcode";
		};
/* End PBXContainerItemProxy section */

/* Begin PBXFileReference section */
		D1AA8FEB2622D91500C5F80A /* Formation Xcode.app */ = {isa = PBXFileReference; explicitFileType = wrapper.application; includeInIndex = 0; path = "Formation Xcode.app"; sourceTree = BUILT_PRODUCTS_DIR; };
		D1AA8FEE2622D91500C5F80A /* Formation_XcodeApp.swift */ = {isa = PBXFileReference; lastKnownFileType = sourcecode.swift; path = Formation_XcodeApp.swift; sourceTree = "<group>"; };
		D1AA8FF02622D91500C5F80A /* ContentView.swift */ = {isa = PBXFileReference; lastKnownFileType = sourcecode.swift; path = ContentView.swift; sourceTree = "<group>"; };
		D1AA8FF22622D91700C5F80A /* Assets.xcassets */ = {isa = PBXFileReference; lastKnownFileType = folder.assetcatalog; path = Assets.xcassets; sourceTree = "<group>"; };
		D1AA8FF52622D91700C5F80A /* Preview Assets.xcassets */ = {isa = PBXFileReference; lastKnownFileType = folder.assetcatalog; path = "Preview Assets.xcassets"; sourceTree = "<group>"; };
		D1AA8FF72622D91700C5F80A /* Info.plist */ = {isa = PBXFileReference; lastKnownFileType = text.plist.xml; path = Info.plist; sourceTree = "<group>"; };
		D1AA8FFC2622D91700C5F80A /* Formation XcodeTests.xctest */ = {isa = PBXFileReference; explicitFileType = wrapper.cfbundle; includeInIndex = 0; path = "Formation XcodeTests.xctest"; sourceTree = BUILT_PRODUCTS_DIR; };
		D1AA90002622D91700C5F80A /* Formation_XcodeTests.swift */ = {isa = PBXFileReference; lastKnownFileType = sourcecode.swift; path = Formation_XcodeTests.swift; sourceTree = "<group>"; };
		D1AA90022622D91700C5F80A /* Info.plist */ = {isa = PBXFileReference; lastKnownFileType = text.plist.xml; path = Info.plist; sourceTree = "<group>"; };
		D1AA90072622D91700C5F80A /* Formation XcodeUITests.xctest */ = {isa = PBXFileReference; explicitFileType = wrapper.cfbundle; includeInIndex = 0; path = "Formation XcodeUITests.xctest"; sourceTree = BUILT_PRODUCTS_DIR; };
		D1AA900B2622D91700C5F80A /* Formation_XcodeUITests.swift */ = {isa = PBXFileReference; lastKnownFileType = sourcecode.swift; path = Formation_XcodeUITests.swift; sourceTree = "<group>"; };
		D1AA900D2622D91700C5F80A /* Info.plist */ = {isa = PBXFileReference; lastKnownFileType = text.plist.xml; path = Info.plist; sourceTree = "<group>"; };
/* End PBXFileReference section */

/* Begin PBXFrameworksBuildPhase section */
		D1AA8FE82622D91500C5F80A /* Frameworks */ = {
			isa = PBXFrameworksBuildPhase;
			buildActionMask = 2147483647;
			files = (
			);
			runOnlyForDeploymentPostprocessing = 0;
		};
		D1AA8FF92622D91700C5F80A /* Frameworks */ = {
			isa = PBXFrameworksBuildPhase;
			buildActionMask = 2147483647;
			files = (
			);
			runOnlyForDeploymentPostprocessing = 0;
		};
		D1AA90042622D91700C5F80A /* Frameworks */ = {
			isa = PBXFrameworksBuildPhase;
			buildActionMask = 2147483647;
			files = (
			);
			runOnlyForDeploymentPostprocessing = 0;
		};
/* End PBXFrameworksBuildPhase section */

/* Begin PBXGroup section */
		D1AA8FE22622D91500C5F80A = {
			isa = PBXGroup;
			children = (
				D1AA8FED2622D91500C5F80A /* Formation Xcode */,
				D1AA8FFF2622D91700C5F80A /* Formation XcodeTests */,
				D1AA900A2622D91700C5F80A /* Formation XcodeUITests */,
				D1AA8FEC2622D91500C5F80A /* Products */,
			);
			sourceTree = "<group>";
		};
		D1AA8FEC2622D91500C5F80A /* Products */ = {
			isa = PBXGroup;
			children = (
				D1AA8FEB2622D91500C5F80A /* Formation Xcode.app */,
				D1AA8FFC2622D91700C5F80A /* Formation XcodeTests.xctest */,
				D1AA90072622D91700C5F80A /* Formation XcodeUITests.xctest */,
			);
			name = Products;
			sourceTree = "<group>";
		};
		D1AA8FED2622D91500C5F80A /* Formation Xcode */ = {
			isa = PBXGroup;
			children = (
				D1AA8FEE2622D91500C5F80A /* Formation_XcodeApp.swift */,
				D1AA8FF02622D91500C5F80A /* ContentView.swift */,
				D1AA8FF22622D91700C5F80A /* Assets.xcassets */,
				D1AA8FF72622D91700C5F80A /* Info.plist */,
				D1AA8FF42622D91700C5F80A /* Preview Content */,
			);
			path = "Formation Xcode";
			sourceTree = "<group>";
		};
		D1AA8FF42622D91700C5F80A /* Preview Content */ = {
			isa = PBXGroup;
			children = (
				D1AA8FF52622D91700C5F80A /* Preview Assets.xcassets */,
			);
			path = "Preview Content";
			sourceTree = "<group>";
		};
		D1AA8FFF2622D91700C5F80A /* Formation XcodeTests */ = {
			isa = PBXGroup;
			children = (
				D1AA90002622D91700C5F80A /* Formation_XcodeTests.swift */,
				D1AA90022622D91700C5F80A /* Info.plist */,
			);
			path = "Formation XcodeTests";
			sourceTree = "<group>";
		};
		D1AA900A2622D91700C5F80A /* Formation XcodeUITests */ = {
			isa = PBXGroup;
			children = (
				D1AA900B2622D91700C5F80A /* Formation_XcodeUITests.swift */,
				D1AA900D2622D91700C5F80A /* Info.plist */,
			);
			path = "Formation XcodeUITests";
			sourceTree = "<group>";
		};
/* End PBXGroup section */

/* Begin PBXNativeTarget section */
		D1AA8FEA2622D91500C5F80A /* Formation Xcode */ = {
			isa = PBXNativeTarget;
			buildConfigurationList = D1AA90102622D91700C5F80A /* Build configuration list for PBXNativeTarget "Formation Xcode" */;
			buildPhases = (
				D1AA8FE72622D91500C5F80A /* Sources */,
				D1AA8FE82622D91500C5F80A /* Frameworks */,
				D1AA8FE92622D91500C5F80A /* Resources */,
			);
			buildRules = (
			);
			dependencies = (
			);
			name = "Formation Xcode";
			productName = "Formation Xcode";
			productReference = D1AA8FEB2622D91500C5F80A /* Formation Xcode.app */;
			productType = "com.apple.product-type.application";
		};
		D1AA8FFB2622D91700C5F80A /* Formation XcodeTests */ = {
			isa = PBXNativeTarget;
			buildConfigurationList = D1AA90132622D91700C5F80A /* Build configuration list for PBXNativeTarget "Formation XcodeTests" */;
			buildPhases = (
				D1AA8FF82622D91700C5F80A /* Sources */,
				D1AA8FF92622D91700C5F80A /* Frameworks */,
				D1AA8FFA2622D91700C5F80A /* Resources */,
			);
			buildRules = (
			);
			dependencies = (
				D1AA8FFE2622D91700C5F80A /* PBXTargetDependency */,
			);
			name = "Formation XcodeTests";
			productName = "Formation XcodeTests";
			productReference = D1AA8FFC2622D91700C5F80A /* Formation XcodeTests.xctest */;
			productType = "com.apple.product-type.bundle.unit-test";
		};
		D1AA90062622D91700C5F80A /* Formation XcodeUITests */ = {
			isa = PBXNativeTarget;
			buildConfigurationList = D1AA90162622D91700C5F80A /* Build configuration list for PBXNativeTarget "Formation XcodeUITests" */;
			buildPhases = (
				D1AA90032622D91700C5F80A /* Sources */,
				D1AA90042622D91700C5F80A /* Frameworks */,
				D1AA90052622D91700C5F80A /* Resources */,
			);
			buildRules = (
			);
			dependencies = (
				D1AA90092622D91700C5F80A /* PBXTargetDependency */,
			);
			name = "Formation XcodeUITests";
			productName = "Formation XcodeUITests";
			productReference = D1AA90072622D91700C5F80A /* Formation XcodeUITests.xctest */;
			productType = "com.apple.product-type.bundle.ui-testing";
		};
/* End PBXNativeTarget section */

/* Begin PBXProject section */
		D1AA8FE32622D91500C5F80A /* Project object */ = {
			isa = PBXProject;
			attributes = {
				LastSwiftUpdateCheck = 1240;
				LastUpgradeCheck = 1240;
				TargetAttributes = {
					D1AA8FEA2622D91500C5F80A = {
						CreatedOnToolsVersion = 12.4;
					};
					D1AA8FFB2622D91700C5F80A = {
						CreatedOnToolsVersion = 12.4;
						TestTargetID = D1AA8FEA2622D91500C5F80A;
					};
					D1AA90062622D91700C5F80A = {
						CreatedOnToolsVersion = 12.4;
						TestTargetID = D1AA8FEA2622D91500C5F80A;
					};
				};
			};
			buildConfigurationList = D1AA8FE62622D91500C5F80A /* Build configuration list for PBXProject "Formation Xcode" */;
			compatibilityVersion = "Xcode 9.3";
			developmentRegion = en;
			hasScannedForEncodings = 0;
			knownRegions = (
				en,
				Base,
			);
			mainGroup = D1AA8FE22622D91500C5F80A;
			productRefGroup = D1AA8FEC2622D91500C5F80A /* Products */;
			projectDirPath = "";
			projectRoot = "";
			targets = (
				D1AA8FEA2622D91500C5F80A /* Formation Xcode */,
				D1AA8FFB2622D91700C5F80A /* Formation XcodeTests */,
				D1AA90062622D91700C5F80A /* Formation XcodeUITests */,
			);
		};
/* End PBXProject section */

/* Begin PBXResourcesBuildPhase section */
		D1AA8FE92622D91500C5F80A /* Resources */ = {
			isa = PBXResourcesBuildPhase;
			buildActionMask = 2147483647;
			files = (
				D1AA8FF62622D91700C5F80A /* Preview Assets.xcassets in Resources */,
				D1AA8FF32622D91700C5F80A /* Assets.xcassets in Resources */,
			);
			runOnlyForDeploymentPostprocessing = 0;
		};
		D1AA8FFA2622D91700C5F80A /* Resources */ = {
			isa = PBXResourcesBuildPhase;
			buildActionMask = 2147483647;
			files = (
			);
			runOnlyForDeploymentPostprocessing = 0;
		};
		D1AA90052622D91700C5F80A /* Resources */ = {
			isa = PBXResourcesBuildPhase;
			buildActionMask = 2147483647;
			files = (
			);
			runOnlyForDeploymentPostprocessing = 0;
		};
/* End PBXResourcesBuildPhase section */

/* Begin PBXSourcesBuildPhase section */
		D1AA8FE72622D91500C5F80A /* Sources */ = {
			isa = PBXSourcesBuildPhase;
			buildActionMask = 2147483647;
			files = (
				D1AA8FF12622D91500C5F80A /* ContentView.swift in Sources */,
				D1AA8FEF2622D91500C5F80A /* Formation_XcodeApp.swift in Sources */,
			);
			runOnlyForDeploymentPostprocessing = 0;
		};
		D1AA8FF82622D91700C5F80A /* Sources */ = {
			isa = PBXSourcesBuildPhase;
			buildActionMask = 2147483647;
			files = (
				D1AA90012622D91700C5F80A /* Formation_XcodeTests.swift in Sources */,
			);
			runOnlyForDeploymentPostprocessing = 0;
		};
		D1AA90032622D91700C5F80A /* Sources */ = {
			isa = PBXSourcesBuildPhase;
			buildActionMask = 2147483647;
			files = (
				D1AA900C2622D91700C5F80A /* Formation_XcodeUITests.swift in Sources */,
			);
			runOnlyForDeploymentPostprocessing = 0;
		};
/* End PBXSourcesBuildPhase section */

/* Begin PBXTargetDependency section */
		D1AA8FFE2622D91700C5F80A /* PBXTargetDependency */ = {
			isa = PBXTargetDependency;
			target = D1AA8FEA2622D91500C5F80A /* Formation Xcode */;
			targetProxy = D1AA8FFD2622D91700C5F80A /* PBXContainerItemProxy */;
		};
		D1AA90092622D91700C5F80A /* PBXTargetDependency */ = {
			isa = PBXTargetDependency;
			target = D1AA8FEA2622D91500C5F80A /* Formation Xcode */;
			targetProxy = D1AA90082622D91700C5F80A /* PBXContainerItemProxy */;
		};
/* End PBXTargetDependency section */

/* Begin XCBuildConfiguration section */
		D1AA900E2622D91700C5F80A /* Debug */ = {
			isa = XCBuildConfiguration;
			buildSettings = {
				ALWAYS_SEARCH_USER_PATHS = NO;
				CLANG_ANALYZER_NONNULL = YES;
				CLANG_ANALYZER_NUMBER_OBJECT_CONVERSION = YES_AGGRESSIVE;
				CLANG_CXX_LANGUAGE_STANDARD = "gnu++14";
				CLANG_CXX_LIBRARY = "libc++";
				CLANG_ENABLE_MODULES = YES;
				CLANG_ENABLE_OBJC_ARC = YES;
				CLANG_ENABLE_OBJC_WEAK = YES;
				CLANG_WARN_BLOCK_CAPTURE_AUTORELEASING = YES;
				CLANG_WARN_BOOL_CONVERSION = YES;
				CLANG_WARN_COMMA = YES;
				CLANG_WARN_CONSTANT_CONVERSION = YES;
				CLANG_WARN_DEPRECATED_OBJC_IMPLEMENTATIONS = YES;
				CLANG_WARN_DIRECT_OBJC_ISA_USAGE = YES_ERROR;
				CLANG_WARN_DOCUMENTATION_COMMENTS = YES;
				CLANG_WARN_EMPTY_BODY = YES;
				CLANG_WARN_ENUM_CONVERSION = YES;
				CLANG_WARN_INFINITE_RECURSION = YES;
				CLANG_WARN_INT_CONVERSION = YES;
				CLANG_WARN_NON_LITERAL_NULL_CONVERSION = YES;
				CLANG_WARN_OBJC_IMPLICIT_RETAIN_SELF = YES;
				CLANG_WARN_OBJC_LITERAL_CONVERSION = YES;
				CLANG_WARN_OBJC_ROOT_CLASS = YES_ERROR;
				CLANG_WARN_QUOTED_INCLUDE_IN_FRAMEWORK_HEADER = YES;
				CLANG_WARN_RANGE_LOOP_ANALYSIS = YES;
				CLANG_WARN_STRICT_PROTOTYPES = YES;
				CLANG_WARN_SUSPICIOUS_MOVE = YES;
				CLANG_WARN_UNGUARDED_AVAILABILITY = YES_AGGRESSIVE;
				CLANG_WARN_UNREACHABLE_CODE = YES;
				CLANG_WARN__DUPLICATE_METHOD_MATCH = YES;
				COPY_PHASE_STRIP = NO;
				DEBUG_INFORMATION_FORMAT = dwarf;
				ENABLE_STRICT_OBJC_MSGSEND = YES;
				ENABLE_TESTABILITY = YES;
				GCC_C_LANGUAGE_STANDARD = gnu11;
				GCC_DYNAMIC_NO_PIC = NO;
				GCC_NO_COMMON_BLOCKS = YES;
				GCC_OPTIMIZATION_LEVEL = 0;
				GCC_PREPROCESSOR_DEFINITIONS = (
					"DEBUG=1",
					"$(inherited)",
				);
				GCC_WARN_64_TO_32_BIT_CONVERSION = YES;
				GCC_WARN_ABOUT_RETURN_TYPE = YES_ERROR;
				GCC_WARN_UNDECLARED_SELECTOR = YES;
				GCC_WARN_UNINITIALIZED_AUTOS = YES_AGGRESSIVE;
				GCC_WARN_UNUSED_FUNCTION = YES;
				GCC_WARN_UNUSED_VARIABLE = YES;
				IPHONEOS_DEPLOYMENT_TARGET = 14.4;
				MTL_ENABLE_DEBUG_INFO = INCLUDE_SOURCE;
				MTL_FAST_MATH = YES;
				ONLY_ACTIVE_ARCH = YES;
				SDKROOT = iphoneos;
				SWIFT_ACTIVE_COMPILATION_CONDITIONS = DEBUG;
				SWIFT_OPTIMIZATION_LEVEL = "-Onone";
			};
			name = Debug;
		};
		D1AA900F2622D91700C5F80A /* Release */ = {
			isa = XCBuildConfiguration;
			buildSettings = {
				ALWAYS_SEARCH_USER_PATHS = NO;
				CLANG_ANALYZER_NONNULL = YES;
				CLANG_ANALYZER_NUMBER_OBJECT_CONVERSION = YES_AGGRESSIVE;
				CLANG_CXX_LANGUAGE_STANDARD = "gnu++14";
				CLANG_CXX_LIBRARY = "libc++";
				CLANG_ENABLE_MODULES = YES;
				CLANG_ENABLE_OBJC_ARC = YES;
				CLANG_ENABLE_OBJC_WEAK = YES;
				CLANG_WARN_BLOCK_CAPTURE_AUTORELEASING = YES;
				CLANG_WARN_BOOL_CONVERSION = YES;
				CLANG_WARN_COMMA = YES;
				CLANG_WARN_CONSTANT_CONVERSION = YES;
				CLANG_WARN_DEPRECATED_OBJC_IMPLEMENTATIONS = YES;
				CLANG_WARN_DIRECT_OBJC_ISA_USAGE = YES_ERROR;
				CLANG_WARN_DOCUMENTATION_COMMENTS = YES;
				CLANG_WARN_EMPTY_BODY = YES;
				CLANG_WARN_ENUM_CONVERSION = YES;
				CLANG_WARN_INFINITE_RECURSION = YES;
				CLANG_WARN_INT_CONVERSION = YES;
				CLANG_WARN_NON_LITERAL_NULL_CONVERSION = YES;
				CLANG_WARN_OBJC_IMPLICIT_RETAIN_SELF = YES;
				CLANG_WARN_OBJC_LITERAL_CONVERSION = YES;
				CLANG_WARN_OBJC_ROOT_CLASS = YES_ERROR;
				CLANG_WARN_QUOTED_INCLUDE_IN_FRAMEWORK_HEADER = YES;
				CLANG_WARN_RANGE_LOOP_ANALYSIS = YES;
				CLANG_WARN_STRICT_PROTOTYPES = YES;
				CLANG_WARN_SUSPICIOUS_MOVE = YES;
				CLANG_WARN_UNGUARDED_AVAILABILITY = YES_AGGRESSIVE;
				CLANG_WARN_UNREACHABLE_CODE = YES;
				CLANG_WARN__DUPLICATE_METHOD_MATCH = YES;
				COPY_PHASE_STRIP = NO;
				DEBUG_INFORMATION_FORMAT = "dwarf-with-dsym";
				ENABLE_NS_ASSERTIONS = NO;
				ENABLE_STRICT_OBJC_MSGSEND = YES;
				GCC_C_LANGUAGE_STANDARD = gnu11;
				GCC_NO_COMMON_BLOCKS = YES;
				GCC_WARN_64_TO_32_BIT_CONVERSION = YES;
				GCC_WARN_ABOUT_RETURN_TYPE = YES_ERROR;
				GCC_WARN_UNDECLARED_SELECTOR = YES;
				GCC_WARN_UNINITIALIZED_AUTOS = YES_AGGRESSIVE;
				GCC_WARN_UNUSED_FUNCTION = YES;
				GCC_WARN_UNUSED_VARIABLE = YES;
				IPHONEOS_DEPLOYMENT_TARGET = 14.4;
				MTL_ENABLE_DEBUG_INFO = NO;
				MTL_FAST_MATH = YES;
				SDKROOT = iphoneos;
				SWIFT_COMPILATION_MODE = wholemodule;
				SWIFT_OPTIMIZATION_LEVEL = "-O";
				VALIDATE_PRODUCT = YES;
			};
			name = Release;
		};
		D1AA90112622D91700C5F80A /* Debug */ = {
			isa = XCBuildConfiguration;
			buildSettings = {
				ASSETCATALOG_COMPILER_APPICON_NAME = AppIcon;
				ASSETCATALOG_COMPILER_GLOBAL_ACCENT_COLOR_NAME = AccentColor;
				CODE_SIGN_STYLE = Automatic;
				DEVELOPMENT_ASSET_PATHS = "\"Formation Xcode/Preview Content\"";
				DEVELOPMENT_TEAM = T8GLC42D8M;
				ENABLE_PREVIEWS = YES;
				INFOPLIST_FILE = "Formation Xcode/Info.plist";
				IPHONEOS_DEPLOYMENT_TARGET = 14.0;
				LD_RUNPATH_SEARCH_PATHS = (
					"$(inherited)",
					"@executable_path/Frameworks",
				);
				PRODUCT_BUNDLE_IDENTIFIER = "Test.Formation-Xcode";
				PRODUCT_NAME = "$(TARGET_NAME)";
				SWIFT_VERSION = 5.0;
				TARGETED_DEVICE_FAMILY = "1,2";
			};
			name = Debug;
		};
		D1AA90122622D91700C5F80A /* Release */ = {
			isa = XCBuildConfiguration;
			buildSettings = {
				ASSETCATALOG_COMPILER_APPICON_NAME = AppIcon;
				ASSETCATALOG_COMPILER_GLOBAL_ACCENT_COLOR_NAME = AccentColor;
				CODE_SIGN_STYLE = Automatic;
				DEVELOPMENT_ASSET_PATHS = "\"Formation Xcode/Preview Content\"";
				DEVELOPMENT_TEAM = T8GLC42D8M;
				ENABLE_PREVIEWS = YES;
				INFOPLIST_FILE = "Formation Xcode/Info.plist";
				IPHONEOS_DEPLOYMENT_TARGET = 14.0;
				LD_RUNPATH_SEARCH_PATHS = (
					"$(inherited)",
					"@executable_path/Frameworks",
				);
				PRODUCT_BUNDLE_IDENTIFIER = "Test.Formation-Xcode";
				PRODUCT_NAME = "$(TARGET_NAME)";
				SWIFT_VERSION = 5.0;
				TARGETED_DEVICE_FAMILY = "1,2";
			};
			name = Release;
		};
		D1AA90142622D91700C5F80A /* Debug */ = {
			isa = XCBuildConfiguration;
			buildSettings = {
				ALWAYS_EMBED_SWIFT_STANDARD_LIBRARIES = YES;
				BUNDLE_LOADER = "$(TEST_HOST)";
				CODE_SIGN_STYLE = Automatic;
				DEVELOPMENT_TEAM = T8GLC42D8M;
				INFOPLIST_FILE = "Formation XcodeTests/Info.plist";
				IPHONEOS_DEPLOYMENT_TARGET = 14.0;
				LD_RUNPATH_SEARCH_PATHS = (
					"$(inherited)",
					"@executable_path/Frameworks",
					"@loader_path/Frameworks",
				);
				PRODUCT_BUNDLE_IDENTIFIER = "Test.Formation-XcodeTests";
				PRODUCT_NAME = "$(TARGET_NAME)";
				SWIFT_VERSION = 5.0;
				TARGETED_DEVICE_FAMILY = "1,2";
				TEST_HOST = "$(BUILT_PRODUCTS_DIR)/Formation Xcode.app/Formation Xcode";
			};
			name = Debug;
		};
		D1AA90152622D91700C5F80A /* Release */ = {
			isa = XCBuildConfiguration;
			buildSettings = {
				ALWAYS_EMBED_SWIFT_STANDARD_LIBRARIES = YES;
				BUNDLE_LOADER = "$(TEST_HOST)";
				CODE_SIGN_STYLE = Automatic;
				DEVELOPMENT_TEAM = T8GLC42D8M;
				INFOPLIST_FILE = "Formation XcodeTests/Info.plist";
				IPHONEOS_DEPLOYMENT_TARGET = 14.0;
				LD_RUNPATH_SEARCH_PATHS = (
					"$(inherited)",
					"@executable_path/Frameworks",
					"@loader_path/Frameworks",
				);
				PRODUCT_BUNDLE_IDENTIFIER = "Test.Formation-XcodeTests";
				PRODUCT_NAME = "$(TARGET_NAME)";
				SWIFT_VERSION = 5.0;
				TARGETED_DEVICE_FAMILY = "1,2";
				TEST_HOST = "$(BUILT_PRODUCTS_DIR)/Formation Xcode.app/Formation Xcode";
			};
			name = Release;
		};
		D1AA90172622D91700C5F80A /* Debug */ = {
			isa = XCBuildConfiguration;
			buildSettings = {
				ALWAYS_EMBED_SWIFT_STANDARD_LIBRARIES = YES;
				CODE_SIGN_STYLE = Automatic;
				DEVELOPMENT_TEAM = T8GLC42D8M;
				INFOPLIST_FILE = "Formation XcodeUITests/Info.plist";
				LD_RUNPATH_SEARCH_PATHS = (
					"$(inherited)",
					"@executable_path/Frameworks",
					"@loader_path/Frameworks",
				);
				PRODUCT_BUNDLE_IDENTIFIER = "Test.Formation-XcodeUITests";
				PRODUCT_NAME = "$(TARGET_NAME)";
				SWIFT_VERSION = 5.0;
				TARGETED_DEVICE_FAMILY = "1,2";
				TEST_TARGET_NAME = "Formation Xcode";
			};
			name = Debug;
		};
		D1AA90182622D91700C5F80A /* Release */ = {
			isa = XCBuildConfiguration;
			buildSettings = {
				ALWAYS_EMBED_SWIFT_STANDARD_LIBRARIES = YES;
				CODE_SIGN_STYLE = Automatic;
				DEVELOPMENT_TEAM = T8GLC42D8M;
				INFOPLIST_FILE = "Formation XcodeUITests/Info.plist";
				LD_RUNPATH_SEARCH_PATHS = (
					"$(inherited)",
					"@executable_path/Frameworks",
					"@loader_path/Frameworks",
				);
				PRODUCT_BUNDLE_IDENTIFIER = "Test.Formation-XcodeUITests";
				PRODUCT_NAME = "$(TARGET_NAME)";
				SWIFT_VERSION = 5.0;
				TARGETED_DEVICE_FAMILY = "1,2";
				TEST_TARGET_NAME = "Formation Xcode";
			};
			name = Release;
		};
/* End XCBuildConfiguration section */

/* Begin XCConfigurationList section */
		D1AA8FE62622D91500C5F80A /* Build configuration list for PBXProject "Formation Xcode" */ = {
			isa = XCConfigurationList;
			buildConfigurations = (
				D1AA900E2622D91700C5F80A /* Debug */,
				D1AA900F2622D91700C5F80A /* Release */,
			);
			defaultConfigurationIsVisible = 0;
			defaultConfigurationName = Release;
		};
		D1AA90102622D91700C5F80A /* Build configuration list for PBXNativeTarget "Formation Xcode" */ = {
			isa = XCConfigurationList;
			buildConfigurations = (
				D1AA90112622D91700C5F80A /* Debug */,
				D1AA90122622D91700C5F80A /* Release */,
			);
			defaultConfigurationIsVisible = 0;
			defaultConfigurationName = Release;
		};
		D1AA90132622D91700C5F80A /* Build configuration list for PBXNativeTarget "Formation XcodeTests" */ = {
			isa = XCConfigurationList;
			buildConfigurations = (
				D1AA90142622D91700C5F80A /* Debug */,
				D1AA90152622D91700C5F80A /* Release */,
			);
			defaultConfigurationIsVisible = 0;
			defaultConfigurationName = Release;
		};
		D1AA90162622D91700C5F80A /* Build configuration list for PBXNativeTarget "Formation XcodeUITests" */ = {
			isa = XCConfigurationList;
			buildConfigurations = (
				D1AA90172622D91700C5F80A /* Debug */,
				D1AA90182622D91700C5F80A /* Release */,
			);
			defaultConfigurationIsVisible = 0;
			defaultConfigurationName = Release;
		};
/* End XCConfigurationList section */
	};
	rootObject = D1AA8FE32622D91500C5F80A /* Project object */;
}
